
Microsoft Visual Studio Solution File, Format Version 12.00
# Visual Studio 14
VisualStudioVersion = 14.0.25123.0
MinimumVisualStudioVersion = 10.0.40219.1
Project("{FAE04EC0-301F-11D3-BF4B-00C04F79EFBC}") = "knock.iOS", "knock.iOS\knock.iOS.csproj", "{88989EE6-E12D-446C-B9CF-921998AAD419}"
EndProject
Project("{D954291E-2A0B-460D-934E-DC6B0785DB48}") = "knock", "knock\knock.shproj", "{2FAA46F3-D876-4BCC-B034-75D2CEAA8F96}"
EndProject
Project("{FAE04EC0-301F-11D3-BF4B-00C04F79EFBC}") = "knock.Droid", "knock.Droid\knock.Droid.csproj", "{BF0C48DC-338F-4B28-89E3-F526CEBBAB04}"
EndProject
Project("{FAE04EC0-301F-11D3-BF4B-00C04F79EFBC}") = "Gcm.Client", "knock.Droid\Gcm.Client\Gcm.Client.csproj", "{D8830D3D-13F5-423F-9E98-54E9CE215430}"
EndProject
Project("{FAE04EC0-301F-11D3-BF4B-00C04F79EFBC}") = "Win32", "Win32\Win32.csproj", "{E1DEA776-CBF1-4FC1-BA4C-A10F150C02D0}"
EndProject
Project("{D954291E-2A0B-460D-934E-DC6B0785DB48}") = "CSVImport", "CSVImport\CSVImport.shproj", "{BB7ABF38-44D9-45FA-9646-17A14ECECD73}"
EndProject
Project("{D954291E-2A0B-460D-934E-DC6B0785DB48}") = "m2mqttShared", "m2mqttShared\m2mqttShared.shproj", "{EE93FEF6-3EF4-4BDB-B4E0-D5E3F7053924}"
EndProject
Project("{D954291E-2A0B-460D-934E-DC6B0785DB48}") = "Visual1993", "..\Visual1993\Visual1993.shproj", "{B6444AD2-34AF-4224-9B64-7F9DC4AB43B6}"
EndProject
Global
	GlobalSection(SharedMSBuildProjectFiles) = preSolution
		knock\knock.projitems*{2faa46f3-d876-4bcc-b034-75d2ceaa8f96}*SharedItemsImports = 13
		CSVImport\CSVImport.projitems*{e1dea776-cbf1-4fc1-ba4c-a10f150c02d0}*SharedItemsImports = 4
		CSVImport\CSVImport.projitems*{bb7abf38-44d9-45fa-9646-17a14ececd73}*SharedItemsImports = 13
	EndGlobalSection
	GlobalSection(SolutionConfigurationPlatforms) = preSolution
		Ad-Hoc|Any CPU = Ad-Hoc|Any CPU
		Ad-Hoc|iPhone = Ad-Hoc|iPhone
		Ad-Hoc|iPhoneSimulator = Ad-Hoc|iPhoneSimulator
		AppStore|Any CPU = AppStore|Any CPU
		AppStore|iPhone = AppStore|iPhone
		AppStore|iPhoneSimulator = AppStore|iPhoneSimulator
		Debug|Any CPU = Debug|Any CPU
		Debug|iPhone = Debug|iPhone
		Debug|iPhoneSimulator = Debug|iPhoneSimulator
		Release|Any CPU = Release|Any CPU
		Release|iPhone = Release|iPhone
		Release|iPhoneSimulator = Release|iPhoneSimulator
	EndGlobalSection
	GlobalSection(ProjectConfigurationPlatforms) = postSolution
		{88989EE6-E12D-446C-B9CF-921998AAD419}.Ad-Hoc|Any CPU.ActiveCfg = Ad-Hoc|iPhone
		{88989EE6-E12D-446C-B9CF-921998AAD419}.Ad-Hoc|iPhone.ActiveCfg = Ad-Hoc|iPhone
		{88989EE6-E12D-446C-B9CF-921998AAD419}.Ad-Hoc|iPhone.Build.0 = Ad-Hoc|iPhone
		{88989EE6-E12D-446C-B9CF-921998AAD419}.Ad-Hoc|iPhoneSimulator.ActiveCfg = Ad-Hoc|iPhone
		{88989EE6-E12D-446C-B9CF-921998AAD419}.AppStore|Any CPU.ActiveCfg = AppStore|iPhone
		{88989EE6-E12D-446C-B9CF-921998AAD419}.AppStore|iPhone.ActiveCfg = AppStore|iPhone
		{88989EE6-E12D-446C-B9CF-921998AAD419}.AppStore|iPhone.Build.0 = AppStore|iPhone
		{88989EE6-E12D-446C-B9CF-921998AAD419}.AppStore|iPhoneSimulator.ActiveCfg = AppStore|iPhone
		{88989EE6-E12D-446C-B9CF-921998AAD419}.Debug|Any CPU.ActiveCfg = Debug|iPhoneSimulator
		{88989EE6-E12D-446C-B9CF-921998AAD419}.Debug|iPhone.ActiveCfg = Debug|iPhone
		{88989EE6-E12D-446C-B9CF-921998AAD419}.Debug|iPhone.Build.0 = Debug|iPhone
		{88989EE6-E12D-446C-B9CF-921998AAD419}.Debug|iPhoneSimulator.ActiveCfg = Debug|iPhoneSimulator
		{88989EE6-E12D-446C-B9CF-921998AAD419}.Debug|iPhoneSimulator.Build.0 = Debug|iPhoneSimulator
		{88989EE6-E12D-446C-B9CF-921998AAD419}.Release|Any CPU.ActiveCfg = Release|iPhoneSimulator
		{88989EE6-E12D-446C-B9CF-921998AAD419}.Release|iPhone.ActiveCfg = Release|iPhone
		{88989EE6-E12D-446C-B9CF-921998AAD419}.Release|iPhone.Build.0 = Release|iPhone
		{88989EE6-E12D-446C-B9CF-921998AAD419}.Release|iPhoneSimulator.ActiveCfg = Release|iPhoneSimulator
		{88989EE6-E12D-446C-B9CF-921998AAD419}.Release|iPhoneSimulator.Build.0 = Release|iPhoneSimulator
		{BF0C48DC-338F-4B28-89E3-F526CEBBAB04}.Ad-Hoc|Any CPU.ActiveCfg = Debug|Any CPU
		{BF0C48DC-338F-4B28-89E3-F526CEBBAB04}.Ad-Hoc|iPhone.ActiveCfg = Release|Any CPU
		{BF0C48DC-338F-4B28-89E3-F526CEBBAB04}.Ad-Hoc|iPhone.Build.0 = Release|Any CPU
		{BF0C48DC-338F-4B28-89E3-F526CEBBAB04}.Ad-Hoc|iPhoneSimulator.ActiveCfg = Debug|Any CPU
		{BF0C48DC-338F-4B28-89E3-F526CEBBAB04}.AppStore|Any CPU.ActiveCfg = Debug|Any CPU
		{BF0C48DC-338F-4B28-89E3-F526CEBBAB04}.AppStore|iPhone.ActiveCfg = Release|Any CPU
		{BF0C48DC-338F-4B28-89E3-F526CEBBAB04}.AppStore|iPhone.Build.0 = Release|Any CPU
		{BF0C48DC-338F-4B28-89E3-F526CEBBAB04}.AppStore|iPhoneSimulator.ActiveCfg = Debug|Any CPU
		{BF0C48DC-338F-4B28-89E3-F526CEBBAB04}.Debug|Any CPU.ActiveCfg = Debug|Any CPU
		{BF0C48DC-338F-4B28-89E3-F526CEBBAB04}.Debug|iPhone.ActiveCfg = Debug|Any CPU
		{BF0C48DC-338F-4B28-89E3-F526CEBBAB04}.Debug|iPhone.Build.0 = Debug|Any CPU
		{BF0C48DC-338F-4B28-89E3-F526CEBBAB04}.Debug|iPhoneSimulator.ActiveCfg = Debug|Any CPU
		{BF0C48DC-338F-4B28-89E3-F526CEBBAB04}.Debug|iPhoneSimulator.Build.0 = Debug|Any CPU
		{BF0C48DC-338F-4B28-89E3-F526CEBBAB04}.Release|Any CPU.ActiveCfg = Release|Any CPU
		{BF0C48DC-338F-4B28-89E3-F526CEBBAB04}.Release|iPhone.ActiveCfg = Release|Any CPU
		{BF0C48DC-338F-4B28-89E3-F526CEBBAB04}.Release|iPhone.Build.0 = Release|Any CPU
		{BF0C48DC-338F-4B28-89E3-F526CEBBAB04}.Release|iPhoneSimulator.ActiveCfg = Release|Any CPU
		{BF0C48DC-338F-4B28-89E3-F526CEBBAB04}.Release|iPhoneSimulator.Build.0 = Release|Any CPU
		{D8830D3D-13F5-423F-9E98-54E9CE215430}.Ad-Hoc|Any CPU.ActiveCfg = Debug|Any CPU
		{D8830D3D-13F5-423F-9E98-54E9CE215430}.Ad-Hoc|iPhone.ActiveCfg = Release|Any CPU
		{D8830D3D-13F5-423F-9E98-54E9CE215430}.Ad-Hoc|iPhone.Build.0 = Release|Any CPU
		{D8830D3D-13F5-423F-9E98-54E9CE215430}.Ad-Hoc|iPhoneSimulator.ActiveCfg = Debug|Any CPU
		{D8830D3D-13F5-423F-9E98-54E9CE215430}.AppStore|Any CPU.ActiveCfg = Debug|Any CPU
		{D8830D3D-13F5-423F-9E98-54E9CE215430}.AppStore|iPhone.ActiveCfg = Release|Any CPU
		{D8830D3D-13F5-423F-9E98-54E9CE215430}.AppStore|iPhone.Build.0 = Release|Any CPU
		{D8830D3D-13F5-423F-9E98-54E9CE215430}.AppStore|iPhoneSimulator.ActiveCfg = Debug|Any CPU
		{D8830D3D-13F5-423F-9E98-54E9CE215430}.Debug|Any CPU.ActiveCfg = Debug|Any CPU
		{D8830D3D-13F5-423F-9E98-54E9CE215430}.Debug|iPhone.ActiveCfg = Debug|Any CPU
		{D8830D3D-13F5-423F-9E98-54E9CE215430}.Debug|iPhone.Build.0 = Debug|Any CPU
		{D8830D3D-13F5-423F-9E98-54E9CE215430}.Debug|iPhoneSimulator.ActiveCfg = Debug|Any CPU
		{D8830D3D-13F5-423F-9E98-54E9CE215430}.Debug|iPhoneSimulator.Build.0 = Debug|Any CPU
		{D8830D3D-13F5-423F-9E98-54E9CE215430}.Release|Any CPU.ActiveCfg = Release|Any CPU
		{D8830D3D-13F5-423F-9E98-54E9CE215430}.Release|iPhone.ActiveCfg = Release|Any CPU
		{D8830D3D-13F5-423F-9E98-54E9CE215430}.Release|iPhone.Build.0 = Release|Any CPU
		{D8830D3D-13F5-423F-9E98-54E9CE215430}.Release|iPhoneSimulator.ActiveCfg = Release|Any CPU
		{D8830D3D-13F5-423F-9E98-54E9CE215430}.Release|iPhoneSimulator.Build.0 = Release|Any CPU
		{E1DEA776-CBF1-4FC1-BA4C-A10F150C02D0}.Ad-Hoc|Any CPU.ActiveCfg = Release|Any CPU
		{E1DEA776-CBF1-4FC1-BA4C-A10F150C02D0}.Ad-Hoc|Any CPU.Build.0 = Release|Any CPU
		{E1DEA776-CBF1-4FC1-BA4C-A10F150C02D0}.Ad-Hoc|iPhone.ActiveCfg = Release|Any CPU
		{E1DEA776-CBF1-4FC1-BA4C-A10F150C02D0}.Ad-Hoc|iPhone.Build.0 = Release|Any CPU
		{E1DEA776-CBF1-4FC1-BA4C-A10F150C02D0}.Ad-Hoc|iPhoneSimulator.ActiveCfg = Release|Any CPU
		{E1DEA776-CBF1-4FC1-BA4C-A10F150C02D0}.Ad-Hoc|iPhoneSimulator.Build.0 = Release|Any CPU
		{E1DEA776-CBF1-4FC1-BA4C-A10F150C02D0}.AppStore|Any CPU.ActiveCfg = Release|Any CPU
		{E1DEA776-CBF1-4FC1-BA4C-A10F150C02D0}.AppStore|Any CPU.Build.0 = Release|Any CPU
		{E1DEA776-CBF1-4FC1-BA4C-A10F150C02D0}.AppStore|iPhone.ActiveCfg = Release|Any CPU
		{E1DEA776-CBF1-4FC1-BA4C-A10F150C02D0}.AppStore|iPhone.Build.0 = Release|Any CPU
		{E1DEA776-CBF1-4FC1-BA4C-A10F150C02D0}.AppStore|iPhoneSimulator.ActiveCfg = Release|Any CPU
		{E1DEA776-CBF1-4FC1-BA4C-A10F150C02D0}.AppStore|iPhoneSimulator.Build.0 = Release|Any CPU
		{E1DEA776-CBF1-4FC1-BA4C-A10F150C02D0}.Debug|Any CPU.ActiveCfg = Debug|Any CPU
		{E1DEA776-CBF1-4FC1-BA4C-A10F150C02D0}.Debug|Any CPU.Build.0 = Debug|Any CPU
		{E1DEA776-CBF1-4FC1-BA4C-A10F150C02D0}.Debug|iPhone.ActiveCfg = Debug|Any CPU
		{E1DEA776-CBF1-4FC1-BA4C-A10F150C02D0}.Debug|iPhone.Build.0 = Debug|Any CPU
		{E1DEA776-CBF1-4FC1-BA4C-A10F150C02D0}.Debug|iPhoneSimulator.ActiveCfg = Debug|Any CPU
		{E1DEA776-CBF1-4FC1-BA4C-A10F150C02D0}.Debug|iPhoneSimulator.Build.0 = Debug|Any CPU
		{E1DEA776-CBF1-4FC1-BA4C-A10F150C02D0}.Release|Any CPU.ActiveCfg = Release|Any CPU
		{E1DEA776-CBF1-4FC1-BA4C-A10F150C02D0}.Release|Any CPU.Build.0 = Release|Any CPU
		{E1DEA776-CBF1-4FC1-BA4C-A10F150C02D0}.Release|iPhone.ActiveCfg = Release|Any CPU
		{E1DEA776-CBF1-4FC1-BA4C-A10F150C02D0}.Release|iPhone.Build.0 = Release|Any CPU
		{E1DEA776-CBF1-4FC1-BA4C-A10F150C02D0}.Release|iPhoneSimulator.ActiveCfg = Release|Any CPU
		{E1DEA776-CBF1-4FC1-BA4C-A10F150C02D0}.Release|iPhoneSimulator.Build.0 = Release|Any CPU
	EndGlobalSection
	GlobalSection(SolutionProperties) = preSolution
		HideSolutionNode = FALSE
	EndGlobalSection
EndGlobal
